
Microsoft Visual Studio Solution File, Format Version 12.00
# Visual Studio Version 17
VisualStudioVersion = 17.4.33213.308
MinimumVisualStudioVersion = 10.0.40219.1
Project("{FAE04EC0-301F-11D3-BF4B-00C04F79EFBC}") = "Odev02_04_02_2023", "Odev02_04_02_2023.csproj", "{83B6B02E-F771-4D76-9677-C340F619E01F}"
EndProject
Global
	GlobalSection(SolutionConfigurationPlatforms) = preSolution
		Debug|Any CPU = Debug|Any CPU
		Release|Any CPU = Release|Any CPU
	EndGlobalSection
	GlobalSection(ProjectConfigurationPlatforms) = postSolution
		{83B6B02E-F771-4D76-9677-C340F619E01F}.Debug|Any CPU.ActiveCfg = Debug|Any CPU
		{83B6B02E-F771-4D76-9677-C340F619E01F}.Debug|Any CPU.Build.0 = Debug|Any CPU
		{83B6B02E-F771-4D76-9677-C340F619E01F}.Release|Any CPU.ActiveCfg = Release|Any CPU
		{83B6B02E-F771-4D76-9677-C340F619E01F}.Release|Any CPU.Build.0 = Release|Any CPU
	EndGlobalSection
	GlobalSection(SolutionProperties) = preSolution
		HideSolutionNode = FALSE
	EndGlobalSection
	GlobalSection(ExtensibilityGlobals) = postSolution
		SolutionGuid = {A05A9D5F-E9CA-4E78-A0BD-88FBEEA754AF}
	EndGlobalSection
EndGlobal
