
Microsoft Visual Studio Solution File, Format Version 12.00
# Visual Studio Version 17
VisualStudioVersion = 17.4.33213.308
MinimumVisualStudioVersion = 10.0.40219.1
Project("{FAE04EC0-301F-11D3-BF4B-00C04F79EFBC}") = "Odev01_04__02_2023", "Odev01_04__02_2023.csproj", "{0E96082C-4A75-4B7B-9775-48B80DE6F7F9}"
EndProject
Global
	GlobalSection(SolutionConfigurationPlatforms) = preSolution
		Debug|Any CPU = Debug|Any CPU
		Release|Any CPU = Release|Any CPU
	EndGlobalSection
	GlobalSection(ProjectConfigurationPlatforms) = postSolution
		{0E96082C-4A75-4B7B-9775-48B80DE6F7F9}.Debug|Any CPU.ActiveCfg = Debug|Any CPU
		{0E96082C-4A75-4B7B-9775-48B80DE6F7F9}.Debug|Any CPU.Build.0 = Debug|Any CPU
		{0E96082C-4A75-4B7B-9775-48B80DE6F7F9}.Release|Any CPU.ActiveCfg = Release|Any CPU
		{0E96082C-4A75-4B7B-9775-48B80DE6F7F9}.Release|Any CPU.Build.0 = Release|Any CPU
	EndGlobalSection
	GlobalSection(SolutionProperties) = preSolution
		HideSolutionNode = FALSE
	EndGlobalSection
	GlobalSection(ExtensibilityGlobals) = postSolution
		SolutionGuid = {E78F6072-C9F7-4125-AA6C-C95E33EDB1B0}
	EndGlobalSection
EndGlobal
